
Microsoft Visual Studio Solution File, Format Version 12.00
# Visual Studio Version 16
VisualStudioVersion = 16.0.30420.98
MinimumVisualStudioVersion = 10.0.40219.1
Project("{9A19103F-16F7-4668-BE54-9A1E7A4F7556}") = "Annex", "Annex\Annex.csproj", "{6E663E02-C57C-4CA9-8A4C-15372218BCC0}"
EndProject
Project("{FAE04EC0-301F-11D3-BF4B-00C04F79EFBC}") = "UnitTests", "UnitTests\UnitTests.csproj", "{F61CEA02-7470-4A37-AADA-C67B87DAE825}"
EndProject
Project("{FAE04EC0-301F-11D3-BF4B-00C04F79EFBC}") = "IntegrationTests", "IntegrationTests\IntegrationTests.csproj", "{60BEEFB0-3F22-4CAC-B199-D70649A93F95}"
EndProject
Global
	GlobalSection(SolutionConfigurationPlatforms) = preSolution
		Debug|x64 = Debug|x64
		Debug|x86 = Debug|x86
		Release|x64 = Release|x64
		Release|x86 = Release|x86
	EndGlobalSection
	GlobalSection(ProjectConfigurationPlatforms) = postSolution
		{6E663E02-C57C-4CA9-8A4C-15372218BCC0}.Debug|x64.ActiveCfg = Debug|x64
		{6E663E02-C57C-4CA9-8A4C-15372218BCC0}.Debug|x64.Build.0 = Debug|x64
		{6E663E02-C57C-4CA9-8A4C-15372218BCC0}.Debug|x86.ActiveCfg = Debug|x86
		{6E663E02-C57C-4CA9-8A4C-15372218BCC0}.Debug|x86.Build.0 = Debug|x86
		{6E663E02-C57C-4CA9-8A4C-15372218BCC0}.Release|x64.ActiveCfg = Release|x64
		{6E663E02-C57C-4CA9-8A4C-15372218BCC0}.Release|x64.Build.0 = Release|x64
		{6E663E02-C57C-4CA9-8A4C-15372218BCC0}.Release|x86.ActiveCfg = Release|x86
		{6E663E02-C57C-4CA9-8A4C-15372218BCC0}.Release|x86.Build.0 = Release|x86
		{F61CEA02-7470-4A37-AADA-C67B87DAE825}.Debug|x64.ActiveCfg = Debug|x64
		{F61CEA02-7470-4A37-AADA-C67B87DAE825}.Debug|x64.Build.0 = Debug|x64
		{F61CEA02-7470-4A37-AADA-C67B87DAE825}.Debug|x86.ActiveCfg = Debug|x86
		{F61CEA02-7470-4A37-AADA-C67B87DAE825}.Debug|x86.Build.0 = Debug|x86
		{F61CEA02-7470-4A37-AADA-C67B87DAE825}.Release|x64.ActiveCfg = Release|x64
		{F61CEA02-7470-4A37-AADA-C67B87DAE825}.Release|x64.Build.0 = Release|x64
		{F61CEA02-7470-4A37-AADA-C67B87DAE825}.Release|x86.ActiveCfg = Release|x86
		{F61CEA02-7470-4A37-AADA-C67B87DAE825}.Release|x86.Build.0 = Release|x86
		{60BEEFB0-3F22-4CAC-B199-D70649A93F95}.Debug|x64.ActiveCfg = Debug|x64
		{60BEEFB0-3F22-4CAC-B199-D70649A93F95}.Debug|x64.Build.0 = Debug|x64
		{60BEEFB0-3F22-4CAC-B199-D70649A93F95}.Debug|x86.ActiveCfg = Debug|x86
		{60BEEFB0-3F22-4CAC-B199-D70649A93F95}.Debug|x86.Build.0 = Debug|x86
		{60BEEFB0-3F22-4CAC-B199-D70649A93F95}.Release|x64.ActiveCfg = Release|x64
		{60BEEFB0-3F22-4CAC-B199-D70649A93F95}.Release|x64.Build.0 = Release|x64
		{60BEEFB0-3F22-4CAC-B199-D70649A93F95}.Release|x86.ActiveCfg = Release|x86
		{60BEEFB0-3F22-4CAC-B199-D70649A93F95}.Release|x86.Build.0 = Release|x86
	EndGlobalSection
	GlobalSection(SolutionProperties) = preSolution
		HideSolutionNode = FALSE
	EndGlobalSection
	GlobalSection(ExtensibilityGlobals) = postSolution
		SolutionGuid = {98511518-53D6-46DE-B868-D4BA29BB2995}
	EndGlobalSection
EndGlobal
